
Microsoft Visual Studio Solution File, Format Version 12.00
# Visual Studio 15
Project("{FAE04EC0-301F-11D3-BF4B-00C04F79EFBC}") = "UnityEngine.UI", "UnityEngine.UI.csproj", "{233CCE48-6241-107F-71FD-A7F4CB281575}"
EndProject
Project("{FAE04EC0-301F-11D3-BF4B-00C04F79EFBC}") = "UnityEngine.TestRunner", "UnityEngine.TestRunner.csproj", "{53DD1169-993A-A135-2058-80F9B9189D30}"
EndProject
Project("{FAE04EC0-301F-11D3-BF4B-00C04F79EFBC}") = "Unity.Mathematics", "Unity.Mathematics.csproj", "{E0A17DD3-663B-D931-EF19-3ECF3DD42FA4}"
EndProject
Project("{FAE04EC0-301F-11D3-BF4B-00C04F79EFBC}") = "Assembly-CSharp", "Assembly-CSharp.csproj", "{954AB0CE-9E6A-D010-66E2-346781543F80}"
EndProject
Project("{FAE04EC0-301F-11D3-BF4B-00C04F79EFBC}") = "Unity.Timeline", "Unity.Timeline.csproj", "{D0703E1E-31A2-740C-FA52-25B27F7240FE}"
EndProject
Project("{FAE04EC0-301F-11D3-BF4B-00C04F79EFBC}") = "Unity.TextMeshPro", "Unity.TextMeshPro.csproj", "{9BEEE558-7C7B-2134-3BE6-AB0A4942FD7A}"
EndProject
Project("{FAE04EC0-301F-11D3-BF4B-00C04F79EFBC}") = "Unity.2D.Animation.Runtime", "Unity.2D.Animation.Runtime.csproj", "{FAD859F5-92A5-DAB0-5922-36D4890D124A}"
EndProject
Project("{FAE04EC0-301F-11D3-BF4B-00C04F79EFBC}") = "Unity.2D.IK.Runtime", "Unity.2D.IK.Runtime.csproj", "{0117DBD6-6A5A-BD15-0D7C-846A038381A0}"
EndProject
Project("{FAE04EC0-301F-11D3-BF4B-00C04F79EFBC}") = "Unity.2D.SpriteShape.Runtime", "Unity.2D.SpriteShape.Runtime.csproj", "{9325572D-3CC3-0656-C484-C7812451FAC4}"
EndProject
Project("{FAE04EC0-301F-11D3-BF4B-00C04F79EFBC}") = "Unity.2D.PixelPerfect", "Unity.2D.PixelPerfect.csproj", "{3883A418-7595-E9EA-2892-BA3A4E46021D}"
EndProject
Project("{FAE04EC0-301F-11D3-BF4B-00C04F79EFBC}") = "Unity.2D.Common.Runtime", "Unity.2D.Common.Runtime.csproj", "{7F2645EB-3179-46D9-CA93-844DF04754E3}"
EndProject
Project("{FAE04EC0-301F-11D3-BF4B-00C04F79EFBC}") = "Unity.InternalAPIEngineBridge.001", "Unity.InternalAPIEngineBridge.001.csproj", "{363600E6-5D77-AF05-91AC-1601568173A2}"
EndProject
Project("{FAE04EC0-301F-11D3-BF4B-00C04F79EFBC}") = "UnityEditor.TestRunner", "UnityEditor.TestRunner.csproj", "{AD568D9D-D73F-4CE7-3CED-5087F20B50D4}"
EndProject
Project("{FAE04EC0-301F-11D3-BF4B-00C04F79EFBC}") = "Unity.PlasticSCM.Editor", "Unity.PlasticSCM.Editor.csproj", "{CB82C0F3-457D-16CF-5081-9392C88F64AA}"
EndProject
Project("{FAE04EC0-301F-11D3-BF4B-00C04F79EFBC}") = "Unity.2D.Animation.Triangle.Editor", "Unity.2D.Animation.Triangle.Editor.csproj", "{92C927E4-3FF1-7DA2-81FA-7FF24F0F12F0}"
EndProject
Project("{FAE04EC0-301F-11D3-BF4B-00C04F79EFBC}") = "UnityEditor.UI", "UnityEditor.UI.csproj", "{4DF1B083-8A6E-268C-9AA1-9FECE0BDFBDE}"
EndProject
Project("{FAE04EC0-301F-11D3-BF4B-00C04F79EFBC}") = "Unity.Services.Core.Editor", "Unity.Services.Core.Editor.csproj", "{B31F8F27-4CA8-9728-AD17-3061554A8E98}"
EndProject
Project("{FAE04EC0-301F-11D3-BF4B-00C04F79EFBC}") = "Unity.Timeline.Editor", "Unity.Timeline.Editor.csproj", "{DE9B38C6-2188-9EC8-D7AE-A9E94377E557}"
EndProject
Project("{FAE04EC0-301F-11D3-BF4B-00C04F79EFBC}") = "Unity.VisualStudio.Editor", "Unity.VisualStudio.Editor.csproj", "{D902B191-DCB0-59DC-2F0A-12D8D34FBBF3}"
EndProject
Project("{FAE04EC0-301F-11D3-BF4B-00C04F79EFBC}") = "Unity.2D.Psdimporter.Editor", "Unity.2D.Psdimporter.Editor.csproj", "{763054A2-33D2-59D2-488E-9CAF23D90279}"
EndProject
Project("{FAE04EC0-301F-11D3-BF4B-00C04F79EFBC}") = "Unity.2D.Animation.Editor", "Unity.2D.Animation.Editor.csproj", "{CD9EBDBD-EE44-91B6-50A7-EC47324F427F}"
EndProject
Project("{FAE04EC0-301F-11D3-BF4B-00C04F79EFBC}") = "Unity.TextMeshPro.Editor", "Unity.TextMeshPro.Editor.csproj", "{41A638A7-987F-15CC-D919-198C3AD90032}"
EndProject
Project("{FAE04EC0-301F-11D3-BF4B-00C04F79EFBC}") = "Unity.2D.SpriteShape.Editor", "Unity.2D.SpriteShape.Editor.csproj", "{F2A81F31-7747-37DB-7BC6-4EBDA1DA5131}"
EndProject
Project("{FAE04EC0-301F-11D3-BF4B-00C04F79EFBC}") = "Unity.CollabProxy.Editor", "Unity.CollabProxy.Editor.csproj", "{605FAC4F-81A7-205B-33B8-4A634A8463CD}"
EndProject
Project("{FAE04EC0-301F-11D3-BF4B-00C04F79EFBC}") = "PsdPlugin", "PsdPlugin.csproj", "{91933896-537D-0D92-F7D2-66959A17769F}"
EndProject
Project("{FAE04EC0-301F-11D3-BF4B-00C04F79EFBC}") = "Unity.2D.Path.Editor", "Unity.2D.Path.Editor.csproj", "{698A62AD-9E24-B409-A99C-FCE9113FE607}"
EndProject
Project("{FAE04EC0-301F-11D3-BF4B-00C04F79EFBC}") = "Unity.Rider.Editor", "Unity.Rider.Editor.csproj", "{84355D08-C71E-0991-5EA0-2B524BB14BA9}"
EndProject
Project("{FAE04EC0-301F-11D3-BF4B-00C04F79EFBC}") = "Unity.2D.IK.Editor", "Unity.2D.IK.Editor.csproj", "{785C6A90-810F-4AD8-33BA-84D30633E86E}"
EndProject
Project("{FAE04EC0-301F-11D3-BF4B-00C04F79EFBC}") = "Unity.2D.Sprite.Editor", "Unity.2D.Sprite.Editor.csproj", "{DD1B563D-D2C7-4D4B-281B-30E4026902F8}"
EndProject
Project("{FAE04EC0-301F-11D3-BF4B-00C04F79EFBC}") = "Unity.2D.Tilemap.Editor", "Unity.2D.Tilemap.Editor.csproj", "{00FE9C05-8F9E-202F-BD7C-7EB45D99E326}"
EndProject
Project("{FAE04EC0-301F-11D3-BF4B-00C04F79EFBC}") = "Unity.2D.PixelPerfect.Editor", "Unity.2D.PixelPerfect.Editor.csproj", "{ED074A81-A213-BA6B-9D96-6A3178AAFE4D}"
EndProject
Project("{FAE04EC0-301F-11D3-BF4B-00C04F79EFBC}") = "Unity.VSCode.Editor", "Unity.VSCode.Editor.csproj", "{ADF9A025-BC65-C360-F435-96469FC1E998}"
EndProject
Project("{FAE04EC0-301F-11D3-BF4B-00C04F79EFBC}") = "Unity.2D.Common.Editor", "Unity.2D.Common.Editor.csproj", "{867EB2DF-FB0D-8018-884E-C5898802D1D6}"
EndProject
Project("{FAE04EC0-301F-11D3-BF4B-00C04F79EFBC}") = "Unity.Mathematics.Editor", "Unity.Mathematics.Editor.csproj", "{C08DBB69-1D8B-8523-6DDB-EC50E62745E6}"
EndProject
Project("{FAE04EC0-301F-11D3-BF4B-00C04F79EFBC}") = "Unity.InternalAPIEditorBridge.001", "Unity.InternalAPIEditorBridge.001.csproj", "{B1124A33-A71D-3BB8-0F49-5D7C554C6172}"
EndProject
Project("{FAE04EC0-301F-11D3-BF4B-00C04F79EFBC}") = "UnityEngine.UI", "UnityEngine.UI.Player.csproj", "{81E4BDBD-B674-EE84-8225-DB2EF7BA5D47}"
EndProject
Project("{FAE04EC0-301F-11D3-BF4B-00C04F79EFBC}") = "UnityEngine.TestRunner", "UnityEngine.TestRunner.Player.csproj", "{DADA78E9-8FEF-9313-91A3-BA5EFE334B0D}"
EndProject
Project("{FAE04EC0-301F-11D3-BF4B-00C04F79EFBC}") = "Unity.Mathematics", "Unity.Mathematics.Player.csproj", "{48F15534-AE77-BA58-72F8-1752D1EF75A1}"
EndProject
Project("{FAE04EC0-301F-11D3-BF4B-00C04F79EFBC}") = "Assembly-CSharp", "Assembly-CSharp.Player.csproj", "{3F7F396F-795F-990C-DA2C-F6E1072D44FC}"
EndProject
Project("{FAE04EC0-301F-11D3-BF4B-00C04F79EFBC}") = "Unity.Timeline", "Unity.Timeline.Player.csproj", "{61C9F36D-7A31-810E-F031-8764F6777EC1}"
EndProject
Project("{FAE04EC0-301F-11D3-BF4B-00C04F79EFBC}") = "Unity.TextMeshPro", "Unity.TextMeshPro.Player.csproj", "{7E80B586-62CD-5646-C031-2003D31C74FD}"
EndProject
Project("{FAE04EC0-301F-11D3-BF4B-00C04F79EFBC}") = "Unity.2D.Animation.Runtime", "Unity.2D.Animation.Runtime.Player.csproj", "{9F864BD5-0B18-7462-1128-F8AD0926D80E}"
EndProject
Project("{FAE04EC0-301F-11D3-BF4B-00C04F79EFBC}") = "Unity.2D.IK.Runtime", "Unity.2D.IK.Runtime.Player.csproj", "{317E3113-4D65-5BC0-7165-38B873FA96F2}"
EndProject
Project("{FAE04EC0-301F-11D3-BF4B-00C04F79EFBC}") = "Unity.2D.SpriteShape.Runtime", "Unity.2D.SpriteShape.Runtime.Player.csproj", "{A990C5C7-ABB1-1145-5A0F-E632A2CC751E}"
EndProject
Project("{FAE04EC0-301F-11D3-BF4B-00C04F79EFBC}") = "Unity.2D.PixelPerfect", "Unity.2D.PixelPerfect.Player.csproj", "{CE7130E5-0870-8403-E0FC-B9B920D65704}"
EndProject
Project("{FAE04EC0-301F-11D3-BF4B-00C04F79EFBC}") = "Unity.2D.Common.Runtime", "Unity.2D.Common.Runtime.Player.csproj", "{BE63D5E7-060E-2121-EF05-AE39B1D3EC07}"
EndProject
Project("{FAE04EC0-301F-11D3-BF4B-00C04F79EFBC}") = "Unity.InternalAPIEngineBridge.001", "Unity.InternalAPIEngineBridge.001.Player.csproj", "{EC761242-CF54-BE64-3AF4-5FEB93C2D8EF}"
EndProject
Global
	GlobalSection(SolutionConfigurationPlatforms) = preSolution
		Debug|Any CPU = Debug|Any CPU
		Release|Any CPU = Release|Any CPU
	EndGlobalSection
	GlobalSection(ProjectConfigurationPlatforms) = postSolution
		{233CCE48-6241-107F-71FD-A7F4CB281575}.Debug|Any CPU.ActiveCfg = Debug|Any CPU
		{233CCE48-6241-107F-71FD-A7F4CB281575}.Debug|Any CPU.Build.0 = Debug|Any CPU
		{233CCE48-6241-107F-71FD-A7F4CB281575}.Release|Any CPU.ActiveCfg = Release|Any CPU
		{233CCE48-6241-107F-71FD-A7F4CB281575}.Release|Any CPU.Build.0 = Release|Any CPU
		{53DD1169-993A-A135-2058-80F9B9189D30}.Debug|Any CPU.ActiveCfg = Debug|Any CPU
		{53DD1169-993A-A135-2058-80F9B9189D30}.Debug|Any CPU.Build.0 = Debug|Any CPU
		{53DD1169-993A-A135-2058-80F9B9189D30}.Release|Any CPU.ActiveCfg = Release|Any CPU
		{53DD1169-993A-A135-2058-80F9B9189D30}.Release|Any CPU.Build.0 = Release|Any CPU
		{E0A17DD3-663B-D931-EF19-3ECF3DD42FA4}.Debug|Any CPU.ActiveCfg = Debug|Any CPU
		{E0A17DD3-663B-D931-EF19-3ECF3DD42FA4}.Debug|Any CPU.Build.0 = Debug|Any CPU
		{E0A17DD3-663B-D931-EF19-3ECF3DD42FA4}.Release|Any CPU.ActiveCfg = Release|Any CPU
		{E0A17DD3-663B-D931-EF19-3ECF3DD42FA4}.Release|Any CPU.Build.0 = Release|Any CPU
		{954AB0CE-9E6A-D010-66E2-346781543F80}.Debug|Any CPU.ActiveCfg = Debug|Any CPU
		{954AB0CE-9E6A-D010-66E2-346781543F80}.Debug|Any CPU.Build.0 = Debug|Any CPU
		{954AB0CE-9E6A-D010-66E2-346781543F80}.Release|Any CPU.ActiveCfg = Release|Any CPU
		{954AB0CE-9E6A-D010-66E2-346781543F80}.Release|Any CPU.Build.0 = Release|Any CPU
		{D0703E1E-31A2-740C-FA52-25B27F7240FE}.Debug|Any CPU.ActiveCfg = Debug|Any CPU
		{D0703E1E-31A2-740C-FA52-25B27F7240FE}.Debug|Any CPU.Build.0 = Debug|Any CPU
		{D0703E1E-31A2-740C-FA52-25B27F7240FE}.Release|Any CPU.ActiveCfg = Release|Any CPU
		{D0703E1E-31A2-740C-FA52-25B27F7240FE}.Release|Any CPU.Build.0 = Release|Any CPU
		{9BEEE558-7C7B-2134-3BE6-AB0A4942FD7A}.Debug|Any CPU.ActiveCfg = Debug|Any CPU
		{9BEEE558-7C7B-2134-3BE6-AB0A4942FD7A}.Debug|Any CPU.Build.0 = Debug|Any CPU
		{9BEEE558-7C7B-2134-3BE6-AB0A4942FD7A}.Release|Any CPU.ActiveCfg = Release|Any CPU
		{9BEEE558-7C7B-2134-3BE6-AB0A4942FD7A}.Release|Any CPU.Build.0 = Release|Any CPU
		{FAD859F5-92A5-DAB0-5922-36D4890D124A}.Debug|Any CPU.ActiveCfg = Debug|Any CPU
		{FAD859F5-92A5-DAB0-5922-36D4890D124A}.Debug|Any CPU.Build.0 = Debug|Any CPU
		{FAD859F5-92A5-DAB0-5922-36D4890D124A}.Release|Any CPU.ActiveCfg = Release|Any CPU
		{FAD859F5-92A5-DAB0-5922-36D4890D124A}.Release|Any CPU.Build.0 = Release|Any CPU
		{0117DBD6-6A5A-BD15-0D7C-846A038381A0}.Debug|Any CPU.ActiveCfg = Debug|Any CPU
		{0117DBD6-6A5A-BD15-0D7C-846A038381A0}.Debug|Any CPU.Build.0 = Debug|Any CPU
		{0117DBD6-6A5A-BD15-0D7C-846A038381A0}.Release|Any CPU.ActiveCfg = Release|Any CPU
		{0117DBD6-6A5A-BD15-0D7C-846A038381A0}.Release|Any CPU.Build.0 = Release|Any CPU
		{9325572D-3CC3-0656-C484-C7812451FAC4}.Debug|Any CPU.ActiveCfg = Debug|Any CPU
		{9325572D-3CC3-0656-C484-C7812451FAC4}.Debug|Any CPU.Build.0 = Debug|Any CPU
		{9325572D-3CC3-0656-C484-C7812451FAC4}.Release|Any CPU.ActiveCfg = Release|Any CPU
		{9325572D-3CC3-0656-C484-C7812451FAC4}.Release|Any CPU.Build.0 = Release|Any CPU
		{3883A418-7595-E9EA-2892-BA3A4E46021D}.Debug|Any CPU.ActiveCfg = Debug|Any CPU
		{3883A418-7595-E9EA-2892-BA3A4E46021D}.Debug|Any CPU.Build.0 = Debug|Any CPU
		{3883A418-7595-E9EA-2892-BA3A4E46021D}.Release|Any CPU.ActiveCfg = Release|Any CPU
		{3883A418-7595-E9EA-2892-BA3A4E46021D}.Release|Any CPU.Build.0 = Release|Any CPU
		{7F2645EB-3179-46D9-CA93-844DF04754E3}.Debug|Any CPU.ActiveCfg = Debug|Any CPU
		{7F2645EB-3179-46D9-CA93-844DF04754E3}.Debug|Any CPU.Build.0 = Debug|Any CPU
		{7F2645EB-3179-46D9-CA93-844DF04754E3}.Release|Any CPU.ActiveCfg = Release|Any CPU
		{7F2645EB-3179-46D9-CA93-844DF04754E3}.Release|Any CPU.Build.0 = Release|Any CPU
		{363600E6-5D77-AF05-91AC-1601568173A2}.Debug|Any CPU.ActiveCfg = Debug|Any CPU
		{363600E6-5D77-AF05-91AC-1601568173A2}.Debug|Any CPU.Build.0 = Debug|Any CPU
		{363600E6-5D77-AF05-91AC-1601568173A2}.Release|Any CPU.ActiveCfg = Release|Any CPU
		{363600E6-5D77-AF05-91AC-1601568173A2}.Release|Any CPU.Build.0 = Release|Any CPU
		{AD568D9D-D73F-4CE7-3CED-5087F20B50D4}.Debug|Any CPU.ActiveCfg = Debug|Any CPU
		{AD568D9D-D73F-4CE7-3CED-5087F20B50D4}.Debug|Any CPU.Build.0 = Debug|Any CPU
		{AD568D9D-D73F-4CE7-3CED-5087F20B50D4}.Release|Any CPU.ActiveCfg = Release|Any CPU
		{AD568D9D-D73F-4CE7-3CED-5087F20B50D4}.Release|Any CPU.Build.0 = Release|Any CPU
		{CB82C0F3-457D-16CF-5081-9392C88F64AA}.Debug|Any CPU.ActiveCfg = Debug|Any CPU
		{CB82C0F3-457D-16CF-5081-9392C88F64AA}.Debug|Any CPU.Build.0 = Debug|Any CPU
		{CB82C0F3-457D-16CF-5081-9392C88F64AA}.Release|Any CPU.ActiveCfg = Release|Any CPU
		{CB82C0F3-457D-16CF-5081-9392C88F64AA}.Release|Any CPU.Build.0 = Release|Any CPU
		{92C927E4-3FF1-7DA2-81FA-7FF24F0F12F0}.Debug|Any CPU.ActiveCfg = Debug|Any CPU
		{92C927E4-3FF1-7DA2-81FA-7FF24F0F12F0}.Debug|Any CPU.Build.0 = Debug|Any CPU
		{92C927E4-3FF1-7DA2-81FA-7FF24F0F12F0}.Release|Any CPU.ActiveCfg = Release|Any CPU
		{92C927E4-3FF1-7DA2-81FA-7FF24F0F12F0}.Release|Any CPU.Build.0 = Release|Any CPU
		{4DF1B083-8A6E-268C-9AA1-9FECE0BDFBDE}.Debug|Any CPU.ActiveCfg = Debug|Any CPU
		{4DF1B083-8A6E-268C-9AA1-9FECE0BDFBDE}.Debug|Any CPU.Build.0 = Debug|Any CPU
		{4DF1B083-8A6E-268C-9AA1-9FECE0BDFBDE}.Release|Any CPU.ActiveCfg = Release|Any CPU
		{4DF1B083-8A6E-268C-9AA1-9FECE0BDFBDE}.Release|Any CPU.Build.0 = Release|Any CPU
		{B31F8F27-4CA8-9728-AD17-3061554A8E98}.Debug|Any CPU.ActiveCfg = Debug|Any CPU
		{B31F8F27-4CA8-9728-AD17-3061554A8E98}.Debug|Any CPU.Build.0 = Debug|Any CPU
		{B31F8F27-4CA8-9728-AD17-3061554A8E98}.Release|Any CPU.ActiveCfg = Release|Any CPU
		{B31F8F27-4CA8-9728-AD17-3061554A8E98}.Release|Any CPU.Build.0 = Release|Any CPU
		{DE9B38C6-2188-9EC8-D7AE-A9E94377E557}.Debug|Any CPU.ActiveCfg = Debug|Any CPU
		{DE9B38C6-2188-9EC8-D7AE-A9E94377E557}.Debug|Any CPU.Build.0 = Debug|Any CPU
		{DE9B38C6-2188-9EC8-D7AE-A9E94377E557}.Release|Any CPU.ActiveCfg = Release|Any CPU
		{DE9B38C6-2188-9EC8-D7AE-A9E94377E557}.Release|Any CPU.Build.0 = Release|Any CPU
		{D902B191-DCB0-59DC-2F0A-12D8D34FBBF3}.Debug|Any CPU.ActiveCfg = Debug|Any CPU
		{D902B191-DCB0-59DC-2F0A-12D8D34FBBF3}.Debug|Any CPU.Build.0 = Debug|Any CPU
		{D902B191-DCB0-59DC-2F0A-12D8D34FBBF3}.Release|Any CPU.ActiveCfg = Release|Any CPU
		{D902B191-DCB0-59DC-2F0A-12D8D34FBBF3}.Release|Any CPU.Build.0 = Release|Any CPU
		{763054A2-33D2-59D2-488E-9CAF23D90279}.Debug|Any CPU.ActiveCfg = Debug|Any CPU
		{763054A2-33D2-59D2-488E-9CAF23D90279}.Debug|Any CPU.Build.0 = Debug|Any CPU
		{763054A2-33D2-59D2-488E-9CAF23D90279}.Release|Any CPU.ActiveCfg = Release|Any CPU
		{763054A2-33D2-59D2-488E-9CAF23D90279}.Release|Any CPU.Build.0 = Release|Any CPU
		{CD9EBDBD-EE44-91B6-50A7-EC47324F427F}.Debug|Any CPU.ActiveCfg = Debug|Any CPU
		{CD9EBDBD-EE44-91B6-50A7-EC47324F427F}.Debug|Any CPU.Build.0 = Debug|Any CPU
		{CD9EBDBD-EE44-91B6-50A7-EC47324F427F}.Release|Any CPU.ActiveCfg = Release|Any CPU
		{CD9EBDBD-EE44-91B6-50A7-EC47324F427F}.Release|Any CPU.Build.0 = Release|Any CPU
		{41A638A7-987F-15CC-D919-198C3AD90032}.Debug|Any CPU.ActiveCfg = Debug|Any CPU
		{41A638A7-987F-15CC-D919-198C3AD90032}.Debug|Any CPU.Build.0 = Debug|Any CPU
		{41A638A7-987F-15CC-D919-198C3AD90032}.Release|Any CPU.ActiveCfg = Release|Any CPU
		{41A638A7-987F-15CC-D919-198C3AD90032}.Release|Any CPU.Build.0 = Release|Any CPU
		{F2A81F31-7747-37DB-7BC6-4EBDA1DA5131}.Debug|Any CPU.ActiveCfg = Debug|Any CPU
		{F2A81F31-7747-37DB-7BC6-4EBDA1DA5131}.Debug|Any CPU.Build.0 = Debug|Any CPU
		{F2A81F31-7747-37DB-7BC6-4EBDA1DA5131}.Release|Any CPU.ActiveCfg = Release|Any CPU
		{F2A81F31-7747-37DB-7BC6-4EBDA1DA5131}.Release|Any CPU.Build.0 = Release|Any CPU
		{605FAC4F-81A7-205B-33B8-4A634A8463CD}.Debug|Any CPU.ActiveCfg = Debug|Any CPU
		{605FAC4F-81A7-205B-33B8-4A634A8463CD}.Debug|Any CPU.Build.0 = Debug|Any CPU
		{605FAC4F-81A7-205B-33B8-4A634A8463CD}.Release|Any CPU.ActiveCfg = Release|Any CPU
		{605FAC4F-81A7-205B-33B8-4A634A8463CD}.Release|Any CPU.Build.0 = Release|Any CPU
		{91933896-537D-0D92-F7D2-66959A17769F}.Debug|Any CPU.ActiveCfg = Debug|Any CPU
		{91933896-537D-0D92-F7D2-66959A17769F}.Debug|Any CPU.Build.0 = Debug|Any CPU
		{91933896-537D-0D92-F7D2-66959A17769F}.Release|Any CPU.ActiveCfg = Release|Any CPU
		{91933896-537D-0D92-F7D2-66959A17769F}.Release|Any CPU.Build.0 = Release|Any CPU
		{698A62AD-9E24-B409-A99C-FCE9113FE607}.Debug|Any CPU.ActiveCfg = Debug|Any CPU
		{698A62AD-9E24-B409-A99C-FCE9113FE607}.Debug|Any CPU.Build.0 = Debug|Any CPU
		{698A62AD-9E24-B409-A99C-FCE9113FE607}.Release|Any CPU.ActiveCfg = Release|Any CPU
		{698A62AD-9E24-B409-A99C-FCE9113FE607}.Release|Any CPU.Build.0 = Release|Any CPU
		{84355D08-C71E-0991-5EA0-2B524BB14BA9}.Debug|Any CPU.ActiveCfg = Debug|Any CPU
		{84355D08-C71E-0991-5EA0-2B524BB14BA9}.Debug|Any CPU.Build.0 = Debug|Any CPU
		{84355D08-C71E-0991-5EA0-2B524BB14BA9}.Release|Any CPU.ActiveCfg = Release|Any CPU
		{84355D08-C71E-0991-5EA0-2B524BB14BA9}.Release|Any CPU.Build.0 = Release|Any CPU
		{785C6A90-810F-4AD8-33BA-84D30633E86E}.Debug|Any CPU.ActiveCfg = Debug|Any CPU
		{785C6A90-810F-4AD8-33BA-84D30633E86E}.Debug|Any CPU.Build.0 = Debug|Any CPU
		{785C6A90-810F-4AD8-33BA-84D30633E86E}.Release|Any CPU.ActiveCfg = Release|Any CPU
		{785C6A90-810F-4AD8-33BA-84D30633E86E}.Release|Any CPU.Build.0 = Release|Any CPU
		{DD1B563D-D2C7-4D4B-281B-30E4026902F8}.Debug|Any CPU.ActiveCfg = Debug|Any CPU
		{DD1B563D-D2C7-4D4B-281B-30E4026902F8}.Debug|Any CPU.Build.0 = Debug|Any CPU
		{DD1B563D-D2C7-4D4B-281B-30E4026902F8}.Release|Any CPU.ActiveCfg = Release|Any CPU
		{DD1B563D-D2C7-4D4B-281B-30E4026902F8}.Release|Any CPU.Build.0 = Release|Any CPU
		{00FE9C05-8F9E-202F-BD7C-7EB45D99E326}.Debug|Any CPU.ActiveCfg = Debug|Any CPU
		{00FE9C05-8F9E-202F-BD7C-7EB45D99E326}.Debug|Any CPU.Build.0 = Debug|Any CPU
		{00FE9C05-8F9E-202F-BD7C-7EB45D99E326}.Release|Any CPU.ActiveCfg = Release|Any CPU
		{00FE9C05-8F9E-202F-BD7C-7EB45D99E326}.Release|Any CPU.Build.0 = Release|Any CPU
		{ED074A81-A213-BA6B-9D96-6A3178AAFE4D}.Debug|Any CPU.ActiveCfg = Debug|Any CPU
		{ED074A81-A213-BA6B-9D96-6A3178AAFE4D}.Debug|Any CPU.Build.0 = Debug|Any CPU
		{ED074A81-A213-BA6B-9D96-6A3178AAFE4D}.Release|Any CPU.ActiveCfg = Release|Any CPU
		{ED074A81-A213-BA6B-9D96-6A3178AAFE4D}.Release|Any CPU.Build.0 = Release|Any CPU
		{ADF9A025-BC65-C360-F435-96469FC1E998}.Debug|Any CPU.ActiveCfg = Debug|Any CPU
		{ADF9A025-BC65-C360-F435-96469FC1E998}.Debug|Any CPU.Build.0 = Debug|Any CPU
		{ADF9A025-BC65-C360-F435-96469FC1E998}.Release|Any CPU.ActiveCfg = Release|Any CPU
		{ADF9A025-BC65-C360-F435-96469FC1E998}.Release|Any CPU.Build.0 = Release|Any CPU
		{867EB2DF-FB0D-8018-884E-C5898802D1D6}.Debug|Any CPU.ActiveCfg = Debug|Any CPU
		{867EB2DF-FB0D-8018-884E-C5898802D1D6}.Debug|Any CPU.Build.0 = Debug|Any CPU
		{867EB2DF-FB0D-8018-884E-C5898802D1D6}.Release|Any CPU.ActiveCfg = Release|Any CPU
		{867EB2DF-FB0D-8018-884E-C5898802D1D6}.Release|Any CPU.Build.0 = Release|Any CPU
		{C08DBB69-1D8B-8523-6DDB-EC50E62745E6}.Debug|Any CPU.ActiveCfg = Debug|Any CPU
		{C08DBB69-1D8B-8523-6DDB-EC50E62745E6}.Debug|Any CPU.Build.0 = Debug|Any CPU
		{C08DBB69-1D8B-8523-6DDB-EC50E62745E6}.Release|Any CPU.ActiveCfg = Release|Any CPU
		{C08DBB69-1D8B-8523-6DDB-EC50E62745E6}.Release|Any CPU.Build.0 = Release|Any CPU
		{B1124A33-A71D-3BB8-0F49-5D7C554C6172}.Debug|Any CPU.ActiveCfg = Debug|Any CPU
		{B1124A33-A71D-3BB8-0F49-5D7C554C6172}.Debug|Any CPU.Build.0 = Debug|Any CPU
		{B1124A33-A71D-3BB8-0F49-5D7C554C6172}.Release|Any CPU.ActiveCfg = Release|Any CPU
		{B1124A33-A71D-3BB8-0F49-5D7C554C6172}.Release|Any CPU.Build.0 = Release|Any CPU
		{81E4BDBD-B674-EE84-8225-DB2EF7BA5D47}.Debug|Any CPU.ActiveCfg = Debug|Any CPU
		{81E4BDBD-B674-EE84-8225-DB2EF7BA5D47}.Debug|Any CPU.Build.0 = Debug|Any CPU
		{81E4BDBD-B674-EE84-8225-DB2EF7BA5D47}.Release|Any CPU.ActiveCfg = Release|Any CPU
		{81E4BDBD-B674-EE84-8225-DB2EF7BA5D47}.Release|Any CPU.Build.0 = Release|Any CPU
		{DADA78E9-8FEF-9313-91A3-BA5EFE334B0D}.Debug|Any CPU.ActiveCfg = Debug|Any CPU
		{DADA78E9-8FEF-9313-91A3-BA5EFE334B0D}.Debug|Any CPU.Build.0 = Debug|Any CPU
		{DADA78E9-8FEF-9313-91A3-BA5EFE334B0D}.Release|Any CPU.ActiveCfg = Release|Any CPU
		{DADA78E9-8FEF-9313-91A3-BA5EFE334B0D}.Release|Any CPU.Build.0 = Release|Any CPU
		{48F15534-AE77-BA58-72F8-1752D1EF75A1}.Debug|Any CPU.ActiveCfg = Debug|Any CPU
		{48F15534-AE77-BA58-72F8-1752D1EF75A1}.Debug|Any CPU.Build.0 = Debug|Any CPU
		{48F15534-AE77-BA58-72F8-1752D1EF75A1}.Release|Any CPU.ActiveCfg = Release|Any CPU
		{48F15534-AE77-BA58-72F8-1752D1EF75A1}.Release|Any CPU.Build.0 = Release|Any CPU
		{3F7F396F-795F-990C-DA2C-F6E1072D44FC}.Debug|Any CPU.ActiveCfg = Debug|Any CPU
		{3F7F396F-795F-990C-DA2C-F6E1072D44FC}.Debug|Any CPU.Build.0 = Debug|Any CPU
		{3F7F396F-795F-990C-DA2C-F6E1072D44FC}.Release|Any CPU.ActiveCfg = Release|Any CPU
		{3F7F396F-795F-990C-DA2C-F6E1072D44FC}.Release|Any CPU.Build.0 = Release|Any CPU
		{61C9F36D-7A31-810E-F031-8764F6777EC1}.Debug|Any CPU.ActiveCfg = Debug|Any CPU
		{61C9F36D-7A31-810E-F031-8764F6777EC1}.Debug|Any CPU.Build.0 = Debug|Any CPU
		{61C9F36D-7A31-810E-F031-8764F6777EC1}.Release|Any CPU.ActiveCfg = Release|Any CPU
		{61C9F36D-7A31-810E-F031-8764F6777EC1}.Release|Any CPU.Build.0 = Release|Any CPU
		{7E80B586-62CD-5646-C031-2003D31C74FD}.Debug|Any CPU.ActiveCfg = Debug|Any CPU
		{7E80B586-62CD-5646-C031-2003D31C74FD}.Debug|Any CPU.Build.0 = Debug|Any CPU
		{7E80B586-62CD-5646-C031-2003D31C74FD}.Release|Any CPU.ActiveCfg = Release|Any CPU
		{7E80B586-62CD-5646-C031-2003D31C74FD}.Release|Any CPU.Build.0 = Release|Any CPU
		{9F864BD5-0B18-7462-1128-F8AD0926D80E}.Debug|Any CPU.ActiveCfg = Debug|Any CPU
		{9F864BD5-0B18-7462-1128-F8AD0926D80E}.Debug|Any CPU.Build.0 = Debug|Any CPU
		{9F864BD5-0B18-7462-1128-F8AD0926D80E}.Release|Any CPU.ActiveCfg = Release|Any CPU
		{9F864BD5-0B18-7462-1128-F8AD0926D80E}.Release|Any CPU.Build.0 = Release|Any CPU
		{317E3113-4D65-5BC0-7165-38B873FA96F2}.Debug|Any CPU.ActiveCfg = Debug|Any CPU
		{317E3113-4D65-5BC0-7165-38B873FA96F2}.Debug|Any CPU.Build.0 = Debug|Any CPU
		{317E3113-4D65-5BC0-7165-38B873FA96F2}.Release|Any CPU.ActiveCfg = Release|Any CPU
		{317E3113-4D65-5BC0-7165-38B873FA96F2}.Release|Any CPU.Build.0 = Release|Any CPU
		{A990C5C7-ABB1-1145-5A0F-E632A2CC751E}.Debug|Any CPU.ActiveCfg = Debug|Any CPU
		{A990C5C7-ABB1-1145-5A0F-E632A2CC751E}.Debug|Any CPU.Build.0 = Debug|Any CPU
		{A990C5C7-ABB1-1145-5A0F-E632A2CC751E}.Release|Any CPU.ActiveCfg = Release|Any CPU
		{A990C5C7-ABB1-1145-5A0F-E632A2CC751E}.Release|Any CPU.Build.0 = Release|Any CPU
		{CE7130E5-0870-8403-E0FC-B9B920D65704}.Debug|Any CPU.ActiveCfg = Debug|Any CPU
		{CE7130E5-0870-8403-E0FC-B9B920D65704}.Debug|Any CPU.Build.0 = Debug|Any CPU
		{CE7130E5-0870-8403-E0FC-B9B920D65704}.Release|Any CPU.ActiveCfg = Release|Any CPU
		{CE7130E5-0870-8403-E0FC-B9B920D65704}.Release|Any CPU.Build.0 = Release|Any CPU
		{BE63D5E7-060E-2121-EF05-AE39B1D3EC07}.Debug|Any CPU.ActiveCfg = Debug|Any CPU
		{BE63D5E7-060E-2121-EF05-AE39B1D3EC07}.Debug|Any CPU.Build.0 = Debug|Any CPU
		{BE63D5E7-060E-2121-EF05-AE39B1D3EC07}.Release|Any CPU.ActiveCfg = Release|Any CPU
		{BE63D5E7-060E-2121-EF05-AE39B1D3EC07}.Release|Any CPU.Build.0 = Release|Any CPU
		{EC761242-CF54-BE64-3AF4-5FEB93C2D8EF}.Debug|Any CPU.ActiveCfg = Debug|Any CPU
		{EC761242-CF54-BE64-3AF4-5FEB93C2D8EF}.Debug|Any CPU.Build.0 = Debug|Any CPU
		{EC761242-CF54-BE64-3AF4-5FEB93C2D8EF}.Release|Any CPU.ActiveCfg = Release|Any CPU
		{EC761242-CF54-BE64-3AF4-5FEB93C2D8EF}.Release|Any CPU.Build.0 = Release|Any CPU
	EndGlobalSection
	GlobalSection(SolutionProperties) = preSolution
		HideSolutionNode = FALSE
	EndGlobalSection
EndGlobal
